lockfileVersion: '9.0'

settings:
  autoInstallPeers: true
  excludeLinksFromLockfile: false

importers:

  .:
    dependencies:
      axios:
        specifier: ^1.6.8
        version: 1.8.4
    devDependencies:
      '@rollup/plugin-commonjs':
        specifier: ^28.0.6
        version: 28.0.6(rollup@4.52.4)
      '@rollup/plugin-node-resolve':
        specifier: ^16.0.1
        version: 16.0.1(rollup@4.52.4)
      rollup:
        specifier: ^4.52.4
        version: 4.52.4
      rollup-plugin-peer-deps-external:
        specifier: ^2.2.4
        version: 2.2.4(rollup@4.52.4)

packages:

  '@jridgewell/sourcemap-codec@1.5.0':
    resolution: {integrity: sha512-gv3ZRaISU3fjPAgNsriBRqGWQL6quFx04YMPW/zD8XMLsU32mhCCbfbO6KZFLjvYpCZ8zyDEgqsgf+PwPaM7GQ==}

  '@rollup/plugin-commonjs@28.0.6':
    resolution: {integrity: sha512-XSQB1K7FUU5QP+3lOQmVCE3I0FcbbNvmNT4VJSj93iUjayaARrTQeoRdiYQoftAJBLrR9t2agwAd3ekaTgHNlw==}
    engines: {node: '>=16.0.0 || 14 >= 14.17'}
    peerDependencies:
      rollup: ^2.68.0||^3.0.0||^4.0.0
    peerDependenciesMeta:
      rollup:
        optional: true

  '@rollup/plugin-node-resolve@16.0.1':
    resolution: {integrity: sha512-tk5YCxJWIG81umIvNkSod2qK5KyQW19qcBF/B78n1bjtOON6gzKoVeSzAE8yHCZEDmqkHKkxplExA8KzdJLJpA==}
    engines: {node: '>=14.0.0'}
    peerDependencies:
      rollup: ^2.78.0||^3.0.0||^4.0.0
    peerDependenciesMeta:
      rollup:
        optional: true

  '@rollup/pluginutils@5.1.4':
    resolution: {integrity: sha512-USm05zrsFxYLPdWWq+K3STlWiT/3ELn3RcV5hJMghpeAIhxfsUIg6mt12CBJBInWMV4VneoV7SfGv8xIwo2qNQ==}
    engines: {node: '>=14.0.0'}
    peerDependencies:
      rollup: ^1.20.0||^2.0.0||^3.0.0||^4.0.0
    peerDependenciesMeta:
      rollup:
        optional: true

  '@rollup/pluginutils@5.2.0':
    resolution: {integrity: sha512-qWJ2ZTbmumwiLFomfzTyt5Kng4hwPi9rwCYN4SHb6eaRU1KNO4ccxINHr/VhH4GgPlt1XfSTLX2LBTme8ne4Zw==}
    engines: {node: '>=14.0.0'}
    peerDependencies:
      rollup: ^1.20.0||^2.0.0||^3.0.0||^4.0.0
    peerDependenciesMeta:
      rollup:
        optional: true

  '@rollup/rollup-android-arm-eabi@4.52.4':
    resolution: {integrity: sha512-BTm2qKNnWIQ5auf4deoetINJm2JzvihvGb9R6K/ETwKLql/Bb3Eg2H1FBp1gUb4YGbydMA3jcmQTR73q7J+GAA==}
    cpu: [arm]
    os: [android]

  '@rollup/rollup-android-arm64@4.52.4':
    resolution: {integrity: sha512-P9LDQiC5vpgGFgz7GSM6dKPCiqR3XYN1WwJKA4/BUVDjHpYsf3iBEmVz62uyq20NGYbiGPR5cNHI7T1HqxNs2w==}
    cpu: [arm64]
    os: [android]

  '@rollup/rollup-darwin-arm64@4.52.4':
    resolution: {integrity: sha512-QRWSW+bVccAvZF6cbNZBJwAehmvG9NwfWHwMy4GbWi/BQIA/laTIktebT2ipVjNncqE6GLPxOok5hsECgAxGZg==}
    cpu: [arm64]
    os: [darwin]

  '@rollup/rollup-darwin-x64@4.52.4':
    resolution: {integrity: sha512-hZgP05pResAkRJxL1b+7yxCnXPGsXU0fG9Yfd6dUaoGk+FhdPKCJ5L1Sumyxn8kvw8Qi5PvQ8ulenUbRjzeCTw==}
    cpu: [x64]
    os: [darwin]

  '@rollup/rollup-freebsd-arm64@4.52.4':
    resolution: {integrity: sha512-xmc30VshuBNUd58Xk4TKAEcRZHaXlV+tCxIXELiE9sQuK3kG8ZFgSPi57UBJt8/ogfhAF5Oz4ZSUBN77weM+mQ==}
    cpu: [arm64]
    os: [freebsd]

  '@rollup/rollup-freebsd-x64@4.52.4':
    resolution: {integrity: sha512-WdSLpZFjOEqNZGmHflxyifolwAiZmDQzuOzIq9L27ButpCVpD7KzTRtEG1I0wMPFyiyUdOO+4t8GvrnBLQSwpw==}
    cpu: [x64]
    os: [freebsd]

  '@rollup/rollup-linux-arm-gnueabihf@4.52.4':
    resolution: {integrity: sha512-xRiOu9Of1FZ4SxVbB0iEDXc4ddIcjCv2aj03dmW8UrZIW7aIQ9jVJdLBIhxBI+MaTnGAKyvMwPwQnoOEvP7FgQ==}
    cpu: [arm]
    os: [linux]

  '@rollup/rollup-linux-arm-musleabihf@4.52.4':
    resolution: {integrity: sha512-FbhM2p9TJAmEIEhIgzR4soUcsW49e9veAQCziwbR+XWB2zqJ12b4i/+hel9yLiD8pLncDH4fKIPIbt5238341Q==}
    cpu: [arm]
    os: [linux]

  '@rollup/rollup-linux-arm64-gnu@4.52.4':
    resolution: {integrity: sha512-4n4gVwhPHR9q/g8lKCyz0yuaD0MvDf7dV4f9tHt0C73Mp8h38UCtSCSE6R9iBlTbXlmA8CjpsZoujhszefqueg==}
    cpu: [arm64]
    os: [linux]

  '@rollup/rollup-linux-arm64-musl@4.52.4':
    resolution: {integrity: sha512-u0n17nGA0nvi/11gcZKsjkLj1QIpAuPFQbR48Subo7SmZJnGxDpspyw2kbpuoQnyK+9pwf3pAoEXerJs/8Mi9g==}
    cpu: [arm64]
    os: [linux]

  '@rollup/rollup-linux-loong64-gnu@4.52.4':
    resolution: {integrity: sha512-0G2c2lpYtbTuXo8KEJkDkClE/+/2AFPdPAbmaHoE870foRFs4pBrDehilMcrSScrN/fB/1HTaWO4bqw+ewBzMQ==}
    cpu: [loong64]
    os: [linux]

  '@rollup/rollup-linux-ppc64-gnu@4.52.4':
    resolution: {integrity: sha512-teSACug1GyZHmPDv14VNbvZFX779UqWTsd7KtTM9JIZRDI5NUwYSIS30kzI8m06gOPB//jtpqlhmraQ68b5X2g==}
    cpu: [ppc64]
    os: [linux]

  '@rollup/rollup-linux-riscv64-gnu@4.52.4':
    resolution: {integrity: sha512-/MOEW3aHjjs1p4Pw1Xk4+3egRevx8Ji9N6HUIA1Ifh8Q+cg9dremvFCUbOX2Zebz80BwJIgCBUemjqhU5XI5Eg==}
    cpu: [riscv64]
    os: [linux]

  '@rollup/rollup-linux-riscv64-musl@4.52.4':
    resolution: {integrity: sha512-1HHmsRyh845QDpEWzOFtMCph5Ts+9+yllCrREuBR/vg2RogAQGGBRC8lDPrPOMnrdOJ+mt1WLMOC2Kao/UwcvA==}
    cpu: [riscv64]
    os: [linux]

  '@rollup/rollup-linux-s390x-gnu@4.52.4':
    resolution: {integrity: sha512-seoeZp4L/6D1MUyjWkOMRU6/iLmCU2EjbMTyAG4oIOs1/I82Y5lTeaxW0KBfkUdHAWN7j25bpkt0rjnOgAcQcA==}
    cpu: [s390x]
    os: [linux]

  '@rollup/rollup-linux-x64-gnu@4.52.4':
    resolution: {integrity: sha512-Wi6AXf0k0L7E2gteNsNHUs7UMwCIhsCTs6+tqQ5GPwVRWMaflqGec4Sd8n6+FNFDw9vGcReqk2KzBDhCa1DLYg==}
    cpu: [x64]
    os: [linux]

  '@rollup/rollup-linux-x64-musl@4.52.4':
    resolution: {integrity: sha512-dtBZYjDmCQ9hW+WgEkaffvRRCKm767wWhxsFW3Lw86VXz/uJRuD438/XvbZT//B96Vs8oTA8Q4A0AfHbrxP9zw==}
    cpu: [x64]
    os: [linux]

  '@rollup/rollup-openharmony-arm64@4.52.4':
    resolution: {integrity: sha512-1ox+GqgRWqaB1RnyZXL8PD6E5f7YyRUJYnCqKpNzxzP0TkaUh112NDrR9Tt+C8rJ4x5G9Mk8PQR3o7Ku2RKqKA==}
    cpu: [arm64]
    os: [openharmony]

  '@rollup/rollup-win32-arm64-msvc@4.52.4':
    resolution: {integrity: sha512-8GKr640PdFNXwzIE0IrkMWUNUomILLkfeHjXBi/nUvFlpZP+FA8BKGKpacjW6OUUHaNI6sUURxR2U2g78FOHWQ==}
    cpu: [arm64]
    os: [win32]

  '@rollup/rollup-win32-ia32-msvc@4.52.4':
    resolution: {integrity: sha512-AIy/jdJ7WtJ/F6EcfOb2GjR9UweO0n43jNObQMb6oGxkYTfLcnN7vYYpG+CN3lLxrQkzWnMOoNSHTW54pgbVxw==}
    cpu: [ia32]
    os: [win32]

  '@rollup/rollup-win32-x64-gnu@4.52.4':
    resolution: {integrity: sha512-UF9KfsH9yEam0UjTwAgdK0anlQ7c8/pWPU2yVjyWcF1I1thABt6WXE47cI71pGiZ8wGvxohBoLnxM04L/wj8mQ==}
    cpu: [x64]
    os: [win32]

  '@rollup/rollup-win32-x64-msvc@4.52.4':
    resolution: {integrity: sha512-bf9PtUa0u8IXDVxzRToFQKsNCRz9qLYfR/MpECxl4mRoWYjAeFjgxj1XdZr2M/GNVpT05p+LgQOHopYDlUu6/w==}
    cpu: [x64]
    os: [win32]

  '@types/estree@1.0.8':
    resolution: {integrity: sha512-dWHzHa2WqEXI/O1E9OjrocMTKJl2mSrEolh1Iomrv6U+JuNwaHXsXx9bLu5gG7BUWFIN0skIQJQ/L1rIex4X6w==}

  '@types/resolve@1.20.2':
    resolution: {integrity: sha512-60BCwRFOZCQhDncwQdxxeOEEkbc5dIMccYLwbxsS4TUNeVECQ/pBJ0j09mrHOl/JJvpRPGwO9SvE4nR2Nb/a4Q==}

  asynckit@0.4.0:
    resolution: {integrity: sha512-Oei9OH4tRh0YqU3GxhX79dM/mwVgvbZJaSNaRk+bshkj0S5cfHcgYakreBjrHwatXKbz+IoIdYLxrKim2MjW0Q==}

  axios@1.8.4:
    resolution: {integrity: sha512-eBSYY4Y68NNlHbHBMdeDmKNtDgXWhQsJcGqzO3iLUM0GraQFSS9cVgPX5I9b3lbdFKyYoAEGAZF1DwhTaljNAw==}

  call-bind-apply-helpers@1.0.2:
    resolution: {integrity: sha512-Sp1ablJ0ivDkSzjcaJdxEunN5/XvksFJ2sMBFfq6x0ryhQV/2b/KwFe21cMpmHtPOSij8K99/wSfoEuTObmuMQ==}
    engines: {node: '>= 0.4'}

  combined-stream@1.0.8:
    resolution: {integrity: sha512-FQN4MRfuJeHf7cBbBMJFXhKSDq+2kAArBlmRBvcvFE5BB1HZKXtSFASDhdlz9zOYwxh8lDdnvmMOe/+5cdoEdg==}
    engines: {node: '>= 0.8'}

  commondir@1.0.1:
    resolution: {integrity: sha512-W9pAhw0ja1Edb5GVdIF1mjZw/ASI0AlShXM83UUGe2DVr5TdAPEA1OA8m/g8zWp9x6On7gqufY+FatDbC3MDQg==}

  deepmerge@4.3.1:
    resolution: {integrity: sha512-3sUqbMEc77XqpdNO7FRyRog+eW3ph+GYCbj+rK+uYyRMuwsVy0rMiVtPn+QJlKFvWP/1PYpapqYn0Me2knFn+A==}
    engines: {node: '>=0.10.0'}

  delayed-stream@1.0.0:
    resolution: {integrity: sha512-ZySD7Nf91aLB0RxL4KGrKHBXl7Eds1DAmEdcoVawXnLD7SDhpNgtuII2aAkg7a7QS41jxPSZ17p4VdGnMHk3MQ==}
    engines: {node: '>=0.4.0'}

  dunder-proto@1.0.1:
    resolution: {integrity: sha512-KIN/nDJBQRcXw0MLVhZE9iQHmG68qAVIBg9CqmUYjmQIhgij9U5MFvrqkUL5FbtyyzZuOeOt0zdeRe4UY7ct+A==}
    engines: {node: '>= 0.4'}

  es-define-property@1.0.1:
    resolution: {integrity: sha512-e3nRfgfUZ4rNGL232gUgX06QNyyez04KdjFrF+LTRoOXmrOgFKDg4BCdsjW8EnT69eqdYGmRpJwiPVYNrCaW3g==}
    engines: {node: '>= 0.4'}

  es-errors@1.3.0:
    resolution: {integrity: sha512-Zf5H2Kxt2xjTvbJvP2ZWLEICxA6j+hAmMzIlypy4xcBg1vKVnx89Wy0GbS+kf5cwCVFFzdCFh2XSCFNULS6csw==}
    engines: {node: '>= 0.4'}

  es-object-atoms@1.1.1:
    resolution: {integrity: sha512-FGgH2h8zKNim9ljj7dankFPcICIK9Cp5bm+c2gQSYePhpaG5+esrLODihIorn+Pe6FGJzWhXQotPv73jTaldXA==}
    engines: {node: '>= 0.4'}

  es-set-tostringtag@2.1.0:
    resolution: {integrity: sha512-j6vWzfrGVfyXxge+O0x5sh6cvxAog0a/4Rdd2K36zCMV5eJ+/+tOAngRO8cODMNWbVRdVlmGZQL2YS3yR8bIUA==}
    engines: {node: '>= 0.4'}

  estree-walker@2.0.2:
    resolution: {integrity: sha512-Rfkk/Mp/DL7JVje3u18FxFujQlTNR2q6QfMSMB7AvCBx91NGj/ba3kCfza0f6dVDbw7YlRf/nDrn7pQrCCyQ/w==}

  fdir@6.4.6:
    resolution: {integrity: sha512-hiFoqpyZcfNm1yc4u8oWCf9A2c4D3QjCrks3zmoVKVxpQRzmPNar1hUJcBG2RQHvEVGDN+Jm81ZheVLAQMK6+w==}
    peerDependencies:
      picomatch: ^3 || ^4
    peerDependenciesMeta:
      picomatch:
        optional: true

  follow-redirects@1.15.9:
    resolution: {integrity: sha512-gew4GsXizNgdoRyqmyfMHyAmXsZDk6mHkSxZFCzW9gwlbtOW44CDtYavM+y+72qD/Vq2l550kMF52DT8fOLJqQ==}
    engines: {node: '>=4.0'}
    peerDependencies:
      debug: '*'
    peerDependenciesMeta:
      debug:
        optional: true

  form-data@4.0.2:
    resolution: {integrity: sha512-hGfm/slu0ZabnNt4oaRZ6uREyfCj6P4fT/n6A1rGV+Z0VdGXjfOhVUpkn6qVQONHGIFwmveGXyDs75+nr6FM8w==}
    engines: {node: '>= 6'}

  fsevents@2.3.3:
    resolution: {integrity: sha512-5xoDfX+fL7faATnagmWPpbFtwh/R77WmMMqqHGS65C3vvB0YHrgF+B1YmZ3441tMj5n63k0212XNoJwzlhffQw==}
    engines: {node: ^8.16.0 || ^10.6.0 || >=11.0.0}
    os: [darwin]

  function-bind@1.1.2:
    resolution: {integrity: sha512-7XHNxH7qX9xG5mIwxkhumTox/MIRNcOgDrxWsMt2pAr23WHp6MrRlN7FBSFpCpr+oVO0F744iUgR82nJMfG2SA==}

  get-intrinsic@1.3.0:
    resolution: {integrity: sha512-9fSjSaos/fRIVIp+xSJlE6lfwhES7LNtKaCBIamHsjr2na1BiABJPo0mOjjz8GJDURarmCPGqaiVg5mfjb98CQ==}
    engines: {node: '>= 0.4'}

  get-proto@1.0.1:
    resolution: {integrity: sha512-sTSfBjoXBp89JvIKIefqw7U2CCebsc74kiY6awiGogKtoSGbgjYE/G/+l9sF3MWFPNc9IcoOC4ODfKHfxFmp0g==}
    engines: {node: '>= 0.4'}

  gopd@1.2.0:
    resolution: {integrity: sha512-ZUKRh6/kUFoAiTAtTYPZJ3hw9wNxx+BIBOijnlG9PnrJsCcSjs1wyyD6vJpaYtgnzDrKYRSqf3OO6Rfa93xsRg==}
    engines: {node: '>= 0.4'}

  has-symbols@1.1.0:
    resolution: {integrity: sha512-1cDNdwJ2Jaohmb3sg4OmKaMBwuC48sYni5HUw2DvsC8LjGTLK9h+eb1X6RyuOHe4hT0ULCW68iomhjUoKUqlPQ==}
    engines: {node: '>= 0.4'}

  has-tostringtag@1.0.2:
    resolution: {integrity: sha512-NqADB8VjPFLM2V0VvHUewwwsw0ZWBaIdgo+ieHtK3hasLz4qeCRjYcqfB6AQrBggRKppKF8L52/VqdVsO47Dlw==}
    engines: {node: '>= 0.4'}

  hasown@2.0.2:
    resolution: {integrity: sha512-0hJU9SCPvmMzIBdZFqNPXWa6dqh7WdH0cII9y+CyS8rG3nL48Bclra9HmKhVVUHyPWNH5Y7xDwAB7bfgSjkUMQ==}
    engines: {node: '>= 0.4'}

  is-core-module@2.16.1:
    resolution: {integrity: sha512-UfoeMA6fIJ8wTYFEUjelnaGI67v6+N7qXJEvQuIGa99l4xsCruSYOVSQ0uPANn4dAzm8lkYPaKLrrijLq7x23w==}
    engines: {node: '>= 0.4'}

  is-module@1.0.0:
    resolution: {integrity: sha512-51ypPSPCoTEIN9dy5Oy+h4pShgJmPCygKfyRCISBI+JoWT/2oJvK8QPxmwv7b/p239jXrm9M1mlQbyKJ5A152g==}

  is-reference@1.2.1:
    resolution: {integrity: sha512-U82MsXXiFIrjCK4otLT+o2NA2Cd2g5MLoOVXUZjIOhLurrRxpEXzI8O0KZHr3IjLvlAH1kTPYSuqer5T9ZVBKQ==}

  magic-string@0.30.17:
    resolution: {integrity: sha512-sNPKHvyjVf7gyjwS4xGTaW/mCnF8wnjtifKBEhxfZ7E/S8tQ0rssrwGNn6q8JH/ohItJfSQp9mBtQYuTlH5QnA==}

  math-intrinsics@1.1.0:
    resolution: {integrity: sha512-/IXtbwEk5HTPyEwyKX6hGkYXxM9nbj64B+ilVJnC/R6B0pH5G4V3b0pVbL7DBj4tkhBAppbQUlf6F6Xl9LHu1g==}
    engines: {node: '>= 0.4'}

  mime-db@1.52.0:
    resolution: {integrity: sha512-sPU4uV7dYlvtWJxwwxHD0PuihVNiE7TyAbQ5SWxDCB9mUYvOgroQOwYQQOKPJ8CIbE+1ETVlOoK1UC2nU3gYvg==}
    engines: {node: '>= 0.6'}

  mime-types@2.1.35:
    resolution: {integrity: sha512-ZDY+bPm5zTTF+YpCrAU9nK0UgICYPT0QtT1NZWFv4s++TNkcgVaT0g6+4R2uI4MjQjzysHB1zxuWL50hzaeXiw==}
    engines: {node: '>= 0.6'}

  path-parse@1.0.7:
    resolution: {integrity: sha512-LDJzPVEEEPR+y48z93A0Ed0yXb8pAByGWo/k5YYdYgpY2/2EsOsksJrq7lOHxryrVOn1ejG6oAp8ahvOIQD8sw==}

  picomatch@4.0.2:
    resolution: {integrity: sha512-M7BAV6Rlcy5u+m6oPhAPFgJTzAioX/6B0DxyvDlo9l8+T3nLKbrczg2WLUyzd45L8RqfUMyGPzekbMvX2Ldkwg==}
    engines: {node: '>=12'}

  proxy-from-env@1.1.0:
    resolution: {integrity: sha512-D+zkORCbA9f1tdWRK0RaCR3GPv50cMxcrz4X8k5LTSUD1Dkw47mKJEZQNunItRTkWwgtaUSo1RVFRIG9ZXiFYg==}

  resolve@1.22.10:
    resolution: {integrity: sha512-NPRy+/ncIMeDlTAsuqwKIiferiawhefFJtkNSW0qZJEqMEb+qBt/77B/jGeeek+F0uOeN05CDa6HXbbIgtVX4w==}
    engines: {node: '>= 0.4'}
    hasBin: true

  rollup-plugin-peer-deps-external@2.2.4:
    resolution: {integrity: sha512-AWdukIM1+k5JDdAqV/Cxd+nejvno2FVLVeZ74NKggm3Q5s9cbbcOgUPGdbxPi4BXu7xGaZ8HG12F+thImYu/0g==}
    peerDependencies:
      rollup: '*'

  rollup@4.52.4:
    resolution: {integrity: sha512-CLEVl+MnPAiKh5pl4dEWSyMTpuflgNQiLGhMv8ezD5W/qP8AKvmYpCOKRRNOh7oRKnauBZ4SyeYkMS+1VSyKwQ==}
    engines: {node: '>=18.0.0', npm: '>=8.0.0'}
    hasBin: true

  supports-preserve-symlinks-flag@1.0.0:
    resolution: {integrity: sha512-ot0WnXS9fgdkgIcePe6RHNk1WA8+muPa6cSjeR3V8K27q9BB1rTE3R1p7Hv0z1ZyAc8s6Vvv8DIyWf681MAt0w==}
    engines: {node: '>= 0.4'}

snapshots:

  '@jridgewell/sourcemap-codec@1.5.0': {}

  '@rollup/plugin-commonjs@28.0.6(rollup@4.52.4)':
    dependencies:
      '@rollup/pluginutils': 5.2.0(rollup@4.52.4)
      commondir: 1.0.1
      estree-walker: 2.0.2
      fdir: 6.4.6(picomatch@4.0.2)
      is-reference: 1.2.1
      magic-string: 0.30.17
      picomatch: 4.0.2
    optionalDependencies:
      rollup: 4.52.4

  '@rollup/plugin-node-resolve@16.0.1(rollup@4.52.4)':
    dependencies:
      '@rollup/pluginutils': 5.1.4(rollup@4.52.4)
      '@types/resolve': 1.20.2
      deepmerge: 4.3.1
      is-module: 1.0.0
      resolve: 1.22.10
    optionalDependencies:
      rollup: 4.52.4

  '@rollup/pluginutils@5.1.4(rollup@4.52.4)':
    dependencies:
      '@types/estree': 1.0.8
      estree-walker: 2.0.2
      picomatch: 4.0.2
    optionalDependencies:
      rollup: 4.52.4

  '@rollup/pluginutils@5.2.0(rollup@4.52.4)':
    dependencies:
      '@types/estree': 1.0.8
      estree-walker: 2.0.2
      picomatch: 4.0.2
    optionalDependencies:
      rollup: 4.52.4

  '@rollup/rollup-android-arm-eabi@4.52.4':
    optional: true

  '@rollup/rollup-android-arm64@4.52.4':
    optional: true

  '@rollup/rollup-darwin-arm64@4.52.4':
    optional: true

  '@rollup/rollup-darwin-x64@4.52.4':
    optional: true

  '@rollup/rollup-freebsd-arm64@4.52.4':
    optional: true

  '@rollup/rollup-freebsd-x64@4.52.4':
    optional: true

  '@rollup/rollup-linux-arm-gnueabihf@4.52.4':
    optional: true

  '@rollup/rollup-linux-arm-musleabihf@4.52.4':
    optional: true

  '@rollup/rollup-linux-arm64-gnu@4.52.4':
    optional: true

  '@rollup/rollup-linux-arm64-musl@4.52.4':
    optional: true

  '@rollup/rollup-linux-loong64-gnu@4.52.4':
    optional: true

  '@rollup/rollup-linux-ppc64-gnu@4.52.4':
    optional: true

  '@rollup/rollup-linux-riscv64-gnu@4.52.4':
    optional: true

  '@rollup/rollup-linux-riscv64-musl@4.52.4':
    optional: true

  '@rollup/rollup-linux-s390x-gnu@4.52.4':
    optional: true

  '@rollup/rollup-linux-x64-gnu@4.52.4':
    optional: true

  '@rollup/rollup-linux-x64-musl@4.52.4':
    optional: true

  '@rollup/rollup-openharmony-arm64@4.52.4':
    optional: true

  '@rollup/rollup-win32-arm64-msvc@4.52.4':
    optional: true

  '@rollup/rollup-win32-ia32-msvc@4.52.4':
    optional: true

  '@rollup/rollup-win32-x64-gnu@4.52.4':
    optional: true

  '@rollup/rollup-win32-x64-msvc@4.52.4':
    optional: true

  '@types/estree@1.0.8': {}

  '@types/resolve@1.20.2': {}

  asynckit@0.4.0: {}

  axios@1.8.4:
    dependencies:
      follow-redirects: 1.15.9
      form-data: 4.0.2
      proxy-from-env: 1.1.0
    transitivePeerDependencies:
      - debug

  call-bind-apply-helpers@1.0.2:
    dependencies:
      es-errors: 1.3.0
      function-bind: 1.1.2

  combined-stream@1.0.8:
    dependencies:
      delayed-stream: 1.0.0

  commondir@1.0.1: {}

  deepmerge@4.3.1: {}

  delayed-stream@1.0.0: {}

  dunder-proto@1.0.1:
    dependencies:
      call-bind-apply-helpers: 1.0.2
      es-errors: 1.3.0
      gopd: 1.2.0

  es-define-property@1.0.1: {}

  es-errors@1.3.0: {}

  es-object-atoms@1.1.1:
    dependencies:
      es-errors: 1.3.0

  es-set-tostringtag@2.1.0:
    dependencies:
      es-errors: 1.3.0
      get-intrinsic: 1.3.0
      has-tostringtag: 1.0.2
      hasown: 2.0.2

  estree-walker@2.0.2: {}

  fdir@6.4.6(picomatch@4.0.2):
    optionalDependencies:
      picomatch: 4.0.2

  follow-redirects@1.15.9: {}

  form-data@4.0.2:
    dependencies:
      asynckit: 0.4.0
      combined-stream: 1.0.8
      es-set-tostringtag: 2.1.0
      mime-types: 2.1.35

  fsevents@2.3.3:
    optional: true

  function-bind@1.1.2: {}

  get-intrinsic@1.3.0:
    dependencies:
      call-bind-apply-helpers: 1.0.2
      es-define-property: 1.0.1
      es-errors: 1.3.0
      es-object-atoms: 1.1.1
      function-bind: 1.1.2
      get-proto: 1.0.1
      gopd: 1.2.0
      has-symbols: 1.1.0
      hasown: 2.0.2
      math-intrinsics: 1.1.0

  get-proto@1.0.1:
    dependencies:
      dunder-proto: 1.0.1
      es-object-atoms: 1.1.1

  gopd@1.2.0: {}

  has-symbols@1.1.0: {}

  has-tostringtag@1.0.2:
    dependencies:
      has-symbols: 1.1.0

  hasown@2.0.2:
    dependencies:
      function-bind: 1.1.2

  is-core-module@2.16.1:
    dependencies:
      hasown: 2.0.2

  is-module@1.0.0: {}

  is-reference@1.2.1:
    dependencies:
      '@types/estree': 1.0.8

  magic-string@0.30.17:
    dependencies:
      '@jridgewell/sourcemap-codec': 1.5.0

  math-intrinsics@1.1.0: {}

  mime-db@1.52.0: {}

  mime-types@2.1.35:
    dependencies:
      mime-db: 1.52.0

  path-parse@1.0.7: {}

  picomatch@4.0.2: {}

  proxy-from-env@1.1.0: {}

  resolve@1.22.10:
    dependencies:
      is-core-module: 2.16.1
      path-parse: 1.0.7
      supports-preserve-symlinks-flag: 1.0.0

  rollup-plugin-peer-deps-external@2.2.4(rollup@4.52.4):
    dependencies:
      rollup: 4.52.4

  rollup@4.52.4:
    dependencies:
      '@types/estree': 1.0.8
    optionalDependencies:
      '@rollup/rollup-android-arm-eabi': 4.52.4
      '@rollup/rollup-android-arm64': 4.52.4
      '@rollup/rollup-darwin-arm64': 4.52.4
      '@rollup/rollup-darwin-x64': 4.52.4
      '@rollup/rollup-freebsd-arm64': 4.52.4
      '@rollup/rollup-freebsd-x64': 4.52.4
      '@rollup/rollup-linux-arm-gnueabihf': 4.52.4
      '@rollup/rollup-linux-arm-musleabihf': 4.52.4
      '@rollup/rollup-linux-arm64-gnu': 4.52.4
      '@rollup/rollup-linux-arm64-musl': 4.52.4
      '@rollup/rollup-linux-loong64-gnu': 4.52.4
      '@rollup/rollup-linux-ppc64-gnu': 4.52.4
      '@rollup/rollup-linux-riscv64-gnu': 4.52.4
      '@rollup/rollup-linux-riscv64-musl': 4.52.4
      '@rollup/rollup-linux-s390x-gnu': 4.52.4
      '@rollup/rollup-linux-x64-gnu': 4.52.4
      '@rollup/rollup-linux-x64-musl': 4.52.4
      '@rollup/rollup-openharmony-arm64': 4.52.4
      '@rollup/rollup-win32-arm64-msvc': 4.52.4
      '@rollup/rollup-win32-ia32-msvc': 4.52.4
      '@rollup/rollup-win32-x64-gnu': 4.52.4
      '@rollup/rollup-win32-x64-msvc': 4.52.4
      fsevents: 2.3.3

  supports-preserve-symlinks-flag@1.0.0: {}
